
Microsoft Visual Studio Solution File, Format Version 12.00
# Visual Studio Version 16
VisualStudioVersion = 16.0.30114.105
MinimumVisualStudioVersion = 10.0.40219.1
Project("{FAE04EC0-301F-11D3-BF4B-00C04F79EFBC}") = "boomerman-server", "server\boomerman-server.csproj", "{ED0B77B9-34CC-4A2C-9910-28B66E646C79}"
EndProject
Project("{FAE04EC0-301F-11D3-BF4B-00C04F79EFBC}") = "tests", "tests\tests.csproj", "{16E6EF3A-5123-455A-A044-6BC1E7F98DAB}"
EndProject
Global
	GlobalSection(SolutionConfigurationPlatforms) = preSolution
		Debug|Any CPU = Debug|Any CPU
		Debug|x64 = Debug|x64
		Debug|x86 = Debug|x86
		Release|Any CPU = Release|Any CPU
		Release|x64 = Release|x64
		Release|x86 = Release|x86
	EndGlobalSection
	GlobalSection(SolutionProperties) = preSolution
		HideSolutionNode = FALSE
	EndGlobalSection
	GlobalSection(ProjectConfigurationPlatforms) = postSolution
		{ED0B77B9-34CC-4A2C-9910-28B66E646C79}.Debug|Any CPU.ActiveCfg = Debug|Any CPU
		{ED0B77B9-34CC-4A2C-9910-28B66E646C79}.Debug|Any CPU.Build.0 = Debug|Any CPU
		{ED0B77B9-34CC-4A2C-9910-28B66E646C79}.Debug|x64.ActiveCfg = Debug|Any CPU
		{ED0B77B9-34CC-4A2C-9910-28B66E646C79}.Debug|x64.Build.0 = Debug|Any CPU
		{ED0B77B9-34CC-4A2C-9910-28B66E646C79}.Debug|x86.ActiveCfg = Debug|Any CPU
		{ED0B77B9-34CC-4A2C-9910-28B66E646C79}.Debug|x86.Build.0 = Debug|Any CPU
		{ED0B77B9-34CC-4A2C-9910-28B66E646C79}.Release|Any CPU.ActiveCfg = Release|Any CPU
		{ED0B77B9-34CC-4A2C-9910-28B66E646C79}.Release|Any CPU.Build.0 = Release|Any CPU
		{ED0B77B9-34CC-4A2C-9910-28B66E646C79}.Release|x64.ActiveCfg = Release|Any CPU
		{ED0B77B9-34CC-4A2C-9910-28B66E646C79}.Release|x64.Build.0 = Release|Any CPU
		{ED0B77B9-34CC-4A2C-9910-28B66E646C79}.Release|x86.ActiveCfg = Release|Any CPU
		{ED0B77B9-34CC-4A2C-9910-28B66E646C79}.Release|x86.Build.0 = Release|Any CPU
		{16E6EF3A-5123-455A-A044-6BC1E7F98DAB}.Debug|Any CPU.ActiveCfg = Debug|Any CPU
		{16E6EF3A-5123-455A-A044-6BC1E7F98DAB}.Debug|Any CPU.Build.0 = Debug|Any CPU
		{16E6EF3A-5123-455A-A044-6BC1E7F98DAB}.Debug|x64.ActiveCfg = Debug|Any CPU
		{16E6EF3A-5123-455A-A044-6BC1E7F98DAB}.Debug|x64.Build.0 = Debug|Any CPU
		{16E6EF3A-5123-455A-A044-6BC1E7F98DAB}.Debug|x86.ActiveCfg = Debug|Any CPU
		{16E6EF3A-5123-455A-A044-6BC1E7F98DAB}.Debug|x86.Build.0 = Debug|Any CPU
		{16E6EF3A-5123-455A-A044-6BC1E7F98DAB}.Release|Any CPU.ActiveCfg = Release|Any CPU
		{16E6EF3A-5123-455A-A044-6BC1E7F98DAB}.Release|Any CPU.Build.0 = Release|Any CPU
		{16E6EF3A-5123-455A-A044-6BC1E7F98DAB}.Release|x64.ActiveCfg = Release|Any CPU
		{16E6EF3A-5123-455A-A044-6BC1E7F98DAB}.Release|x64.Build.0 = Release|Any CPU
		{16E6EF3A-5123-455A-A044-6BC1E7F98DAB}.Release|x86.ActiveCfg = Release|Any CPU
		{16E6EF3A-5123-455A-A044-6BC1E7F98DAB}.Release|x86.Build.0 = Release|Any CPU
	EndGlobalSection
EndGlobal
